
Microsoft Visual Studio Solution File, Format Version 12.00
# Visual Studio Version 16
VisualStudioVersion = 16.0.30804.86
MinimumVisualStudioVersion = 10.0.40219.1
Project("{FAE04EC0-301F-11D3-BF4B-00C04F79EFBC}") = "ASPCore", "ASPCore.csproj", "{64BE7819-DFC1-4F77-9D53-083080A2BFB0}"
EndProject
Global
	GlobalSection(SolutionConfigurationPlatforms) = preSolution
		Debug|Any CPU = Debug|Any CPU
		Release|Any CPU = Release|Any CPU
	EndGlobalSection
	GlobalSection(ProjectConfigurationPlatforms) = postSolution
		{64BE7819-DFC1-4F77-9D53-083080A2BFB0}.Debug|Any CPU.ActiveCfg = Debug|Any CPU
		{64BE7819-DFC1-4F77-9D53-083080A2BFB0}.Debug|Any CPU.Build.0 = Debug|Any CPU
		{64BE7819-DFC1-4F77-9D53-083080A2BFB0}.Release|Any CPU.ActiveCfg = Release|Any CPU
		{64BE7819-DFC1-4F77-9D53-083080A2BFB0}.Release|Any CPU.Build.0 = Release|Any CPU
	EndGlobalSection
	GlobalSection(SolutionProperties) = preSolution
		HideSolutionNode = FALSE
	EndGlobalSection
	GlobalSection(ExtensibilityGlobals) = postSolution
		SolutionGuid = {B55D9B41-0A1F-4805-89EE-AE04899BD617}
	EndGlobalSection
EndGlobal
